# THIS IS AN AUTOGENERATED FILE. DO NOT EDIT THIS FILE DIRECTLY.
# yarn lockfile v1


acorn-jsx@^3.0.1:
  version "3.0.1"
  resolved "https://registry.yarnpkg.com/acorn-jsx/-/acorn-jsx-3.0.1.tgz#afdf9488fb1ecefc8348f6fb22f464e32a58b36b"
  dependencies:
    acorn "^3.0.4"

acorn5-object-spread@^4.0.0:
  version "4.0.0"
  resolved "https://registry.yarnpkg.com/acorn5-object-spread/-/acorn5-object-spread-4.0.0.tgz#d5758081eed97121ab0be47e31caaef2aa399697"
  dependencies:
    acorn "^5.1.2"

acorn@^3.0.4:
  version "3.3.0"
  resolved "https://registry.yarnpkg.com/acorn/-/acorn-3.3.0.tgz#45e37fb39e8da3f25baee3ff5369e2bb5f22017a"

acorn@^5.1.2:
  version "5.3.0"
  resolved "https://registry.yarnpkg.com/acorn/-/acorn-5.3.0.tgz#7446d39459c54fb49a80e6ee6478149b940ec822"

ansi-styles@^3.1.0:
  version "3.2.0"
  resolved "https://registry.yarnpkg.com/ansi-styles/-/ansi-styles-3.2.0.tgz#c159b8d5be0f9e5a6f346dab94f16ce022161b88"
  dependencies:
    color-convert "^1.9.0"

arr-diff@^2.0.0:
  version "2.0.0"
  resolved "https://registry.yarnpkg.com/arr-diff/-/arr-diff-2.0.0.tgz#8f3b827f955a8bd669697e4a4256ac3ceae356cf"
  dependencies:
    arr-flatten "^1.0.1"

arr-flatten@^1.0.1:
  version "1.1.0"
  resolved "https://registry.yarnpkg.com/arr-flatten/-/arr-flatten-1.1.0.tgz#36048bbff4e7b47e136644316c99669ea5ae91f1"

array-unique@^0.2.1:
  version "0.2.1"
  resolved "https://registry.yarnpkg.com/array-unique/-/array-unique-0.2.1.tgz#a1d97ccafcbc2625cc70fadceb36a50c58b01a53"

async@0.9.0:
  version "0.9.0"
  resolved "https://registry.yarnpkg.com/async/-/async-0.9.0.tgz#ac3613b1da9bed1b47510bb4651b8931e47146c7"

balanced-match@^1.0.0:
  version "1.0.0"
  resolved "https://registry.yarnpkg.com/balanced-match/-/balanced-match-1.0.0.tgz#89b4d199ab2bee49de164ea02b89ce462d71b767"

brace-expansion@^1.1.7:
  version "1.1.8"
  resolved "https://registry.yarnpkg.com/brace-expansion/-/brace-expansion-1.1.8.tgz#c07b211c7c952ec1f8efd51a77ef0d1d3990a292"
  dependencies:
    balanced-match "^1.0.0"
    concat-map "0.0.1"

braces@^1.8.2:
  version "1.8.5"
  resolved "https://registry.yarnpkg.com/braces/-/braces-1.8.5.tgz#ba77962e12dff969d6b76711e914b737857bf6a7"
  dependencies:
    expand-range "^1.8.1"
    preserve "^0.2.0"
    repeat-element "^1.1.2"

buble@^0.18.0:
  version "0.18.0"
  resolved "https://registry.yarnpkg.com/buble/-/buble-0.18.0.tgz#63b338b8248c474b46fd3e3546560ae08d8abe91"
  dependencies:
    acorn "^5.1.2"
    acorn-jsx "^3.0.1"
    acorn5-object-spread "^4.0.0"
    chalk "^2.1.0"
    magic-string "^0.22.4"
    minimist "^1.2.0"
    os-homedir "^1.0.1"
    vlq "^0.2.2"

chalk@^2.1.0:
  version "2.3.0"
  resolved "https://registry.yarnpkg.com/chalk/-/chalk-2.3.0.tgz#b5ea48efc9c1793dccc9b4767c93914d3f2d52ba"
  dependencies:
    ansi-styles "^3.1.0"
    escape-string-regexp "^1.0.5"
    supports-color "^4.0.0"

color-convert@^1.9.0:
  version "1.9.1"
  resolved "https://registry.yarnpkg.com/color-convert/-/color-convert-1.9.1.tgz#c1261107aeb2f294ebffec9ed9ecad529a6097ed"
  dependencies:
    color-name "^1.1.1"

color-name@^1.1.1:
  version "1.1.3"
  resolved "https://registry.yarnpkg.com/color-name/-/color-name-1.1.3.tgz#a7d0558bd89c42f795dd42328f740831ca53bc25"

colors@1.0.3:
  version "1.0.3"
  resolved "https://registry.yarnpkg.com/colors/-/colors-1.0.3.tgz#0433f44d809680fdeb60ed260f1b0c262e82a40b"

commander@~2.9.0:
  version "2.9.0"
  resolved "https://registry.yarnpkg.com/commander/-/commander-2.9.0.tgz#9c99094176e12240cb22d6c5146098400fe0f7d4"
  dependencies:
    graceful-readlink ">= 1.0.0"

concat-map@0.0.1:
  version "0.0.1"
  resolved "https://registry.yarnpkg.com/concat-map/-/concat-map-0.0.1.tgz#d8a96bd77fd68df7793a73036a3ba0d5405d477b"

corser@~2.0.0:
  version "2.0.1"
  resolved "https://registry.yarnpkg.com/corser/-/corser-2.0.1.tgz#8eda252ecaab5840dcd975ceb90d9370c819ff87"

ecstatic@^1.4.0:
  version "1.4.1"
  resolved "https://registry.yarnpkg.com/ecstatic/-/ecstatic-1.4.1.tgz#32cb7b6fa2e290d58668674d115e8f0c3d567d6a"
  dependencies:
    he "^0.5.0"
    mime "^1.2.11"
    minimist "^1.1.0"
    url-join "^1.0.0"

escape-string-regexp@^1.0.5:
  version "1.0.5"
  resolved "https://registry.yarnpkg.com/escape-string-regexp/-/escape-string-regexp-1.0.5.tgz#1b61c0562190a8dff6ae3bb2cf0200ca130b86d4"

estree-walker@^0.3.0:
  version "0.3.1"
  resolved "https://registry.yarnpkg.com/estree-walker/-/estree-walker-0.3.1.tgz#e6b1a51cf7292524e7237c312e5fe6660c1ce1aa"

eventemitter3@1.x.x:
  version "1.2.0"
  resolved "https://registry.yarnpkg.com/eventemitter3/-/eventemitter3-1.2.0.tgz#1c86991d816ad1e504750e73874224ecf3bec508"

expand-brackets@^0.1.4:
  version "0.1.5"
  resolved "https://registry.yarnpkg.com/expand-brackets/-/expand-brackets-0.1.5.tgz#df07284e342a807cd733ac5af72411e581d1177b"
  dependencies:
    is-posix-bracket "^0.1.0"

expand-range@^1.8.1:
  version "1.8.2"
  resolved "https://registry.yarnpkg.com/expand-range/-/expand-range-1.8.2.tgz#a299effd335fe2721ebae8e257ec79644fc85337"
  dependencies:
    fill-range "^2.1.0"

extglob@^0.3.1:
  version "0.3.2"
  resolved "https://registry.yarnpkg.com/extglob/-/extglob-0.3.2.tgz#2e18ff3d2f49ab2765cec9023f011daa8d8349a1"
  dependencies:
    is-extglob "^1.0.0"

filename-regex@^2.0.0:
  version "2.0.1"
  resolved "https://registry.yarnpkg.com/filename-regex/-/filename-regex-2.0.1.tgz#c1c4b9bee3e09725ddb106b75c1e301fe2f18b26"

fill-range@^2.1.0:
  version "2.2.3"
  resolved "https://registry.yarnpkg.com/fill-range/-/fill-range-2.2.3.tgz#50b77dfd7e469bc7492470963699fe7a8485a723"
  dependencies:
    is-number "^2.1.0"
    isobject "^2.0.0"
    randomatic "^1.1.3"
    repeat-element "^1.1.2"
    repeat-string "^1.5.2"

for-in@^1.0.1:
  version "1.0.2"
  resolved "https://registry.yarnpkg.com/for-in/-/for-in-1.0.2.tgz#81068d295a8142ec0ac726c6e2200c30fb6d5e80"

for-own@^0.1.4:
  version "0.1.5"
  resolved "https://registry.yarnpkg.com/for-own/-/for-own-0.1.5.tgz#5265c681a4f294dabbf17c9509b6763aa84510ce"
  dependencies:
    for-in "^1.0.1"

fs-jetpack@^0.13.0:
  version "0.13.3"
  resolved "https://registry.yarnpkg.com/fs-jetpack/-/fs-jetpack-0.13.3.tgz#9e6c47118f0bb3d880cc88f9f8a7d25863f4fb15"
  dependencies:
    minimatch "^3.0.2"

glob-base@^0.3.0:
  version "0.3.0"
  resolved "https://registry.yarnpkg.com/glob-base/-/glob-base-0.3.0.tgz#dbb164f6221b1c0b1ccf82aea328b497df0ea3c4"
  dependencies:
    glob-parent "^2.0.0"
    is-glob "^2.0.0"

glob-parent@^2.0.0:
  version "2.0.0"
  resolved "https://registry.yarnpkg.com/glob-parent/-/glob-parent-2.0.0.tgz#81383d72db054fcccf5336daa902f182f6edbb28"
  dependencies:
    is-glob "^2.0.0"

"graceful-readlink@>= 1.0.0":
  version "1.0.1"
  resolved "https://registry.yarnpkg.com/graceful-readlink/-/graceful-readlink-1.0.1.tgz#4cafad76bc62f02fa039b2f94e9a3dd3a391a725"

has-flag@^2.0.0:
  version "2.0.0"
  resolved "https://registry.yarnpkg.com/has-flag/-/has-flag-2.0.0.tgz#e8207af1cc7b30d446cc70b734b5e8be18f88d51"

he@^0.5.0:
  version "0.5.0"
  resolved "https://registry.yarnpkg.com/he/-/he-0.5.0.tgz#2c05ffaef90b68e860f3fd2b54ef580989277ee2"

http-proxy@^1.8.1:
  version "1.16.2"
  resolved "https://registry.yarnpkg.com/http-proxy/-/http-proxy-1.16.2.tgz#06dff292952bf64dbe8471fa9df73066d4f37742"
  dependencies:
    eventemitter3 "1.x.x"
    requires-port "1.x.x"

http-server@^0.9.0:
  version "0.9.0"
  resolved "https://registry.yarnpkg.com/http-server/-/http-server-0.9.0.tgz#8f1b06bdc733618d4dc42831c7ba1aff4e06001a"
  dependencies:
    colors "1.0.3"
    corser "~2.0.0"
    ecstatic "^1.4.0"
    http-proxy "^1.8.1"
    opener "~1.4.0"
    optimist "0.6.x"
    portfinder "0.4.x"
    union "~0.4.3"

ip@^1.1.5:
  version "1.1.5"
  resolved "https://registry.yarnpkg.com/ip/-/ip-1.1.5.tgz#bdded70114290828c0a039e72ef25f5aaec4354a"

is-buffer@^1.1.5:
  version "1.1.5"
  resolved "https://registry.yarnpkg.com/is-buffer/-/is-buffer-1.1.5.tgz#1f3b26ef613b214b88cbca23cc6c01d87961eecc"

is-dotfile@^1.0.0:
  version "1.0.3"
  resolved "https://registry.yarnpkg.com/is-dotfile/-/is-dotfile-1.0.3.tgz#a6a2f32ffd2dfb04f5ca25ecd0f6b83cf798a1e1"

is-equal-shallow@^0.1.3:
  version "0.1.3"
  resolved "https://registry.yarnpkg.com/is-equal-shallow/-/is-equal-shallow-0.1.3.tgz#2238098fc221de0bcfa5d9eac4c45d638aa1c534"
  dependencies:
    is-primitive "^2.0.0"

is-extendable@^0.1.1:
  version "0.1.1"
  resolved "https://registry.yarnpkg.com/is-extendable/-/is-extendable-0.1.1.tgz#62b110e289a471418e3ec36a617d472e301dfc89"

is-extglob@^1.0.0:
  version "1.0.0"
  resolved "https://registry.yarnpkg.com/is-extglob/-/is-extglob-1.0.0.tgz#ac468177c4943405a092fc8f29760c6ffc6206c0"

is-glob@^2.0.0, is-glob@^2.0.1:
  version "2.0.1"
  resolved "https://registry.yarnpkg.com/is-glob/-/is-glob-2.0.1.tgz#d096f926a3ded5600f3fdfd91198cb0888c2d863"
  dependencies:
    is-extglob "^1.0.0"

is-number@^2.1.0:
  version "2.1.0"
  resolved "https://registry.yarnpkg.com/is-number/-/is-number-2.1.0.tgz#01fcbbb393463a548f2f466cce16dece49db908f"
  dependencies:
    kind-of "^3.0.2"

is-number@^3.0.0:
  version "3.0.0"
  resolved "https://registry.yarnpkg.com/is-number/-/is-number-3.0.0.tgz#24fd6201a4782cf50561c810276afc7d12d71195"
  dependencies:
    kind-of "^3.0.2"

is-posix-bracket@^0.1.0:
  version "0.1.1"
  resolved "https://registry.yarnpkg.com/is-posix-bracket/-/is-posix-bracket-0.1.1.tgz#3334dc79774368e92f016e6fbc0a88f5cd6e6bc4"

is-primitive@^2.0.0:
  version "2.0.0"
  resolved "https://registry.yarnpkg.com/is-primitive/-/is-primitive-2.0.0.tgz#207bab91638499c07b2adf240a41a87210034575"

isarray@1.0.0:
  version "1.0.0"
  resolved "https://registry.yarnpkg.com/isarray/-/isarray-1.0.0.tgz#bb935d48582cba168c06834957a54a3e07124f11"

isobject@^2.0.0:
  version "2.1.0"
  resolved "https://registry.yarnpkg.com/isobject/-/isobject-2.1.0.tgz#f065561096a3f1da2ef46272f815c840d87e0c89"
  dependencies:
    isarray "1.0.0"

kind-of@^3.0.2:
  version "3.2.2"
  resolved "https://registry.yarnpkg.com/kind-of/-/kind-of-3.2.2.tgz#31ea21a734bab9bbb0f32466d893aea51e4a3c64"
  dependencies:
    is-buffer "^1.1.5"

kind-of@^4.0.0:
  version "4.0.0"
  resolved "https://registry.yarnpkg.com/kind-of/-/kind-of-4.0.0.tgz#20813df3d712928b207378691a45066fae72dd57"
  dependencies:
    is-buffer "^1.1.5"

lstats.js@^1.2.5:
  version "1.2.6"
  resolved "https://registry.yarnpkg.com/lstats.js/-/lstats.js-1.2.6.tgz#30a714e5a1a232746822987b8f99ae2ae99cd9c4"

magic-string@^0.22.4:
  version "0.22.4"
  resolved "https://registry.yarnpkg.com/magic-string/-/magic-string-0.22.4.tgz#31039b4e40366395618c1d6cf8193c53917475ff"
  dependencies:
    vlq "^0.2.1"

micromatch@^2.3.11:
  version "2.3.11"
  resolved "https://registry.yarnpkg.com/micromatch/-/micromatch-2.3.11.tgz#86677c97d1720b363431d04d0d15293bd38c1565"
  dependencies:
    arr-diff "^2.0.0"
    array-unique "^0.2.1"
    braces "^1.8.2"
    expand-brackets "^0.1.4"
    extglob "^0.3.1"
    filename-regex "^2.0.0"
    is-extglob "^1.0.0"
    is-glob "^2.0.1"
    kind-of "^3.0.2"
    normalize-path "^2.0.1"
    object.omit "^2.0.0"
    parse-glob "^3.0.4"
    regex-cache "^0.4.2"

mime@^1.2.11:
  version "1.3.6"
  resolved "https://registry.yarnpkg.com/mime/-/mime-1.3.6.tgz#591d84d3653a6b0b4a3b9df8de5aa8108e72e5e0"

minimatch@^3.0.2:
  version "3.0.4"
  resolved "https://registry.yarnpkg.com/minimatch/-/minimatch-3.0.4.tgz#5166e286457f03306064be5497e8dbb0c3d32083"
  dependencies:
    brace-expansion "^1.1.7"

minimist@0.0.8, minimist@~0.0.1:
  version "0.0.8"
  resolved "https://registry.yarnpkg.com/minimist/-/minimist-0.0.8.tgz#857fcabfc3397d2625b8228262e86aa7a011b05d"

minimist@^1.1.0, minimist@^1.2.0:
  version "1.2.0"
  resolved "https://registry.yarnpkg.com/minimist/-/minimist-1.2.0.tgz#a35008b20f41383eec1fb914f4cd5df79a264284"

mkdirp@0.5.x:
  version "0.5.0"
  resolved "https://registry.yarnpkg.com/mkdirp/-/mkdirp-0.5.0.tgz#1d73076a6df986cd9344e15e71fcc05a4c9abf12"
  dependencies:
    minimist "0.0.8"

normalize-path@^2.0.1:
  version "2.1.1"
  resolved "https://registry.yarnpkg.com/normalize-path/-/normalize-path-2.1.1.tgz#1ab28b556e198363a8c1a6f7e6fa20137fe6aed9"
  dependencies:
    remove-trailing-separator "^1.0.1"

object.omit@^2.0.0:
  version "2.0.1"
  resolved "https://registry.yarnpkg.com/object.omit/-/object.omit-2.0.1.tgz#1a9c744829f39dbb858c76ca3579ae2a54ebd1fa"
  dependencies:
    for-own "^0.1.4"
    is-extendable "^0.1.1"

opener@~1.4.0:
  version "1.4.3"
  resolved "https://registry.yarnpkg.com/opener/-/opener-1.4.3.tgz#5c6da2c5d7e5831e8ffa3964950f8d6674ac90b8"

optimist@0.6.x:
  version "0.6.1"
  resolved "https://registry.yarnpkg.com/optimist/-/optimist-0.6.1.tgz#da3ea74686fa21a19a111c326e90eb15a0196686"
  dependencies:
    minimist "~0.0.1"
    wordwrap "~0.0.2"

os-homedir@^1.0.1:
  version "1.0.2"
  resolved "https://registry.yarnpkg.com/os-homedir/-/os-homedir-1.0.2.tgz#ffbc4988336e0e833de0c168c7ef152121aa7fb3"

parse-glob@^3.0.4:
  version "3.0.4"
  resolved "https://registry.yarnpkg.com/parse-glob/-/parse-glob-3.0.4.tgz#b2c376cfb11f35513badd173ef0bb6e3a388391c"
  dependencies:
    glob-base "^0.3.0"
    is-dotfile "^1.0.0"
    is-extglob "^1.0.0"
    is-glob "^2.0.0"

portfinder@0.4.x:
  version "0.4.0"
  resolved "https://registry.yarnpkg.com/portfinder/-/portfinder-0.4.0.tgz#a3ffadffafe4fb98e0601a85eda27c27ce84ca1e"
  dependencies:
    async "0.9.0"
    mkdirp "0.5.x"

preserve@^0.2.0:
  version "0.2.0"
  resolved "https://registry.yarnpkg.com/preserve/-/preserve-0.2.0.tgz#815ed1f6ebc65926f865b310c0713bcb3315ce4b"

preview-server@^1.0.7:
  version "1.0.7"
  resolved "https://registry.yarnpkg.com/preview-server/-/preview-server-1.0.7.tgz#a3843383ba5464e5fd08e87ee3cd6b20d7e73cff"
  dependencies:
    http-server "^0.9.0"
    ip "^1.1.5"
    qrcode-terminal "^0.11.0"

qrcode-terminal@^0.11.0:
  version "0.11.0"
  resolved "https://registry.yarnpkg.com/qrcode-terminal/-/qrcode-terminal-0.11.0.tgz#ffc6c28a2fc0bfb47052b47e23f4f446a5fbdb9e"

qs@~2.3.3:
  version "2.3.3"
  resolved "https://registry.yarnpkg.com/qs/-/qs-2.3.3.tgz#e9e85adbe75da0bbe4c8e0476a086290f863b404"

randomatic@^1.1.3:
  version "1.1.7"
  resolved "https://registry.yarnpkg.com/randomatic/-/randomatic-1.1.7.tgz#c7abe9cc8b87c0baa876b19fde83fd464797e38c"
  dependencies:
    is-number "^3.0.0"
    kind-of "^4.0.0"

regex-cache@^0.4.2:
  version "0.4.3"
  resolved "https://registry.yarnpkg.com/regex-cache/-/regex-cache-0.4.3.tgz#9b1a6c35d4d0dfcef5711ae651e8e9d3d7114145"
  dependencies:
    is-equal-shallow "^0.1.3"
    is-primitive "^2.0.0"

remove-trailing-separator@^1.0.1:
  version "1.0.2"
  resolved "https://registry.yarnpkg.com/remove-trailing-separator/-/remove-trailing-separator-1.0.2.tgz#69b062d978727ad14dc6b56ba4ab772fd8d70511"

repeat-element@^1.1.2:
  version "1.1.2"
  resolved "https://registry.yarnpkg.com/repeat-element/-/repeat-element-1.1.2.tgz#ef089a178d1483baae4d93eb98b4f9e4e11d990a"

repeat-string@^1.5.2:
  version "1.6.1"
  resolved "https://registry.yarnpkg.com/repeat-string/-/repeat-string-1.6.1.tgz#8dcae470e1c88abc2d600fff4a776286da75e637"

requires-port@1.x.x:
  version "1.0.0"
  resolved "https://registry.yarnpkg.com/requires-port/-/requires-port-1.0.0.tgz#925d2601d39ac485e091cf0da5c6e694dc3dcaff"

rollup-plugin-buble@^0.18.0:
  version "0.18.0"
  resolved "https://registry.yarnpkg.com/rollup-plugin-buble/-/rollup-plugin-buble-0.18.0.tgz#6e20d1b2840c59eb496b9f954f75243e51786ac1"
  dependencies:
    buble "^0.18.0"
    rollup-pluginutils "^2.0.1"

rollup-pluginutils@^2.0.1:
  version "2.0.1"
  resolved "https://registry.yarnpkg.com/rollup-pluginutils/-/rollup-pluginutils-2.0.1.tgz#7ec95b3573f6543a46a6461bd9a7c544525d0fc0"
  dependencies:
    estree-walker "^0.3.0"
    micromatch "^2.3.11"

rollup@^0.54.1:
  version "0.54.1"
  resolved "https://registry.yarnpkg.com/rollup/-/rollup-0.54.1.tgz#415a5d999421502646cf54b873fc4ce1a7393970"

source-map@~0.5.1:
  version "0.5.6"
  resolved "https://registry.yarnpkg.com/source-map/-/source-map-0.5.6.tgz#75ce38f52bf0733c5a7f0c118d81334a2bb5f412"

spectorjs@^0.2.3:
  version "0.2.3"
  resolved "https://registry.yarnpkg.com/spectorjs/-/spectorjs-0.2.3.tgz#58f9072f3c0789ffc0966d8326bbe089f7677a1b"

supports-color@^4.0.0:
  version "4.5.0"
  resolved "https://registry.yarnpkg.com/supports-color/-/supports-color-4.5.0.tgz#be7a0de484dec5c5cddf8b3d59125044912f635b"
  dependencies:
    has-flag "^2.0.0"

uglify-es@^3.0.15:
  version "3.0.24"
  resolved "https://registry.yarnpkg.com/uglify-es/-/uglify-es-3.0.24.tgz#fab5dccff6108df71d9573012ef65c740cb97cdc"
  dependencies:
    commander "~2.9.0"
    source-map "~0.5.1"

union@~0.4.3:
  version "0.4.6"
  resolved "https://registry.yarnpkg.com/union/-/union-0.4.6.tgz#198fbdaeba254e788b0efcb630bc11f24a2959e0"
  dependencies:
    qs "~2.3.3"

url-join@^1.0.0:
  version "1.1.0"
  resolved "https://registry.yarnpkg.com/url-join/-/url-join-1.1.0.tgz#741c6c2f4596c4830d6718460920d0c92202dc78"

vconsole@^2.5.2:
  version "2.5.2"
  resolved "https://registry.yarnpkg.com/vconsole/-/vconsole-2.5.2.tgz#07092d9a459552d89604553cef512308553848df"

vlq@^0.2.1:
  version "0.2.2"
  resolved "https://registry.yarnpkg.com/vlq/-/vlq-0.2.2.tgz#e316d5257b40b86bb43cb8d5fea5d7f54d6b0ca1"

vlq@^0.2.2:
  version "0.2.3"
  resolved "https://registry.yarnpkg.com/vlq/-/vlq-0.2.3.tgz#8f3e4328cf63b1540c0d67e1b2778386f8975b26"

vmath@^1.4.7:
  version "1.4.7"
  resolved "https://registry.yarnpkg.com/vmath/-/vmath-1.4.7.tgz#6604b7d749423cad7d0708e5b89aa3f7183e22ff"

wordwrap@~0.0.2:
  version "0.0.3"
  resolved "https://registry.yarnpkg.com/wordwrap/-/wordwrap-0.0.3.tgz#a3d5da6cd5c0bc0008d37234bbaf1bed63059107"
